// !$*UTF8*$!
{
	archiveVersion = 1;
	classes = {
	};
	objectVersion = 50;
	objects = {

/* Begin PBXBuildFile section */
		F21F996F27460D11008D892D /* LoginViewController.swift in Sources */ = {isa = PBXBuildFile; fileRef = F21F996E27460D11008D892D /* LoginViewController.swift */; };
		F21F997627471C41008D892D /* TurmaModel.swift in Sources */ = {isa = PBXBuildFile; fileRef = F21F997527471C41008D892D /* TurmaModel.swift */; };
		F21F997A27471CD3008D892D /* EstudanteModel.swift in Sources */ = {isa = PBXBuildFile; fileRef = F21F997927471CD3008D892D /* EstudanteModel.swift */; };
		F21F997D274859E8008D892D /* PerguntaUmViewController.swift in Sources */ = {isa = PBXBuildFile; fileRef = F21F997C274859E8008D892D /* PerguntaUmViewController.swift */; };
		F21F99802748AC8C008D892D /* PerguntaAudioUmViewController.swift in Sources */ = {isa = PBXBuildFile; fileRef = F21F997F2748AC8C008D892D /* PerguntaAudioUmViewController.swift */; };
		F21F9984274988A4008D892D /* PerguntaAudioDoisViewController.swift in Sources */ = {isa = PBXBuildFile; fileRef = F21F9983274988A4008D892D /* PerguntaAudioDoisViewController.swift */; };
		F21F9987274988B2008D892D /* PerguntaAudioTresController.swift in Sources */ = {isa = PBXBuildFile; fileRef = F21F9986274988B2008D892D /* PerguntaAudioTresController.swift */; };
		F21F998A274988BE008D892D /* PerguntaAudioQuatroViewController.swift in Sources */ = {isa = PBXBuildFile; fileRef = F21F9989274988BE008D892D /* PerguntaAudioQuatroViewController.swift */; };
		F21F998D274988DF008D892D /* PerguntaDoisViewController.swift in Sources */ = {isa = PBXBuildFile; fileRef = F21F998C274988DF008D892D /* PerguntaDoisViewController.swift */; };
		F21F9991274988E9008D892D /* PerguntaTresViewController.swift in Sources */ = {isa = PBXBuildFile; fileRef = F21F9990274988E9008D892D /* PerguntaTresViewController.swift */; };
		F21F9994274988F5008D892D /* PerguntaQuatroViewController.swift in Sources */ = {isa = PBXBuildFile; fileRef = F21F9993274988F5008D892D /* PerguntaQuatroViewController.swift */; };
		F21F999727498901008D892D /* PerguntaCincoViewController.swift in Sources */ = {isa = PBXBuildFile; fileRef = F21F999627498901008D892D /* PerguntaCincoViewController.swift */; };
		F21F999A2749890C008D892D /* PerguntaSeisViewController.swift in Sources */ = {isa = PBXBuildFile; fileRef = F21F99992749890C008D892D /* PerguntaSeisViewController.swift */; };
		F21F999D27498919008D892D /* PerguntaSeteViewController.swift in Sources */ = {isa = PBXBuildFile; fileRef = F21F999C27498919008D892D /* PerguntaSeteViewController.swift */; };
		F21F99A5274997A2008D892D /* ProfessorModel.swift in Sources */ = {isa = PBXBuildFile; fileRef = F21F99A4274997A2008D892D /* ProfessorModel.swift */; };
		F21F99AB2749A3CD008D892D /* CriarSalaViewController.swift in Sources */ = {isa = PBXBuildFile; fileRef = F21F99AA2749A3CD008D892D /* CriarSalaViewController.swift */; };
		F21F99AE2749ADBB008D892D /* BackendData.swift in Sources */ = {isa = PBXBuildFile; fileRef = F21F99AD2749ADBB008D892D /* BackendData.swift */; };
		F251793F2728C883009DD4FB /* AppDelegate.swift in Sources */ = {isa = PBXBuildFile; fileRef = F251793E2728C883009DD4FB /* AppDelegate.swift */; };
		F25179412728C883009DD4FB /* SceneDelegate.swift in Sources */ = {isa = PBXBuildFile; fileRef = F25179402728C883009DD4FB /* SceneDelegate.swift */; };
		F25179432728C883009DD4FB /* OnboardingViewController.swift in Sources */ = {isa = PBXBuildFile; fileRef = F25179422728C883009DD4FB /* OnboardingViewController.swift */; };
		F25179462728C883009DD4FB /* Main.storyboard in Resources */ = {isa = PBXBuildFile; fileRef = F25179442728C883009DD4FB /* Main.storyboard */; };
		F25179482728C88D009DD4FB /* Assets.xcassets in Resources */ = {isa = PBXBuildFile; fileRef = F25179472728C88D009DD4FB /* Assets.xcassets */; };
		F251794B2728C88D009DD4FB /* LaunchScreen.storyboard in Resources */ = {isa = PBXBuildFile; fileRef = F25179492728C88D009DD4FB /* LaunchScreen.storyboard */; };
/* End PBXBuildFile section */

/* Begin PBXFileReference section */
		F21F996E27460D11008D892D /* LoginViewController.swift */ = {isa = PBXFileReference; lastKnownFileType = sourcecode.swift; path = LoginViewController.swift; sourceTree = "<group>"; };
		F21F997527471C41008D892D /* TurmaModel.swift */ = {isa = PBXFileReference; lastKnownFileType = sourcecode.swift; path = TurmaModel.swift; sourceTree = "<group>"; };
		F21F997927471CD3008D892D /* EstudanteModel.swift */ = {isa = PBXFileReference; lastKnownFileType = sourcecode.swift; path = EstudanteModel.swift; sourceTree = "<group>"; };
		F21F997C274859E8008D892D /* PerguntaUmViewController.swift */ = {isa = PBXFileReference; lastKnownFileType = sourcecode.swift; path = PerguntaUmViewController.swift; sourceTree = "<group>"; };
		F21F997F2748AC8C008D892D /* PerguntaAudioUmViewController.swift */ = {isa = PBXFileReference; lastKnownFileType = sourcecode.swift; path = PerguntaAudioUmViewController.swift; sourceTree = "<group>"; };
		F21F9983274988A4008D892D /* PerguntaAudioDoisViewController.swift */ = {isa = PBXFileReference; lastKnownFileType = sourcecode.swift; path = PerguntaAudioDoisViewController.swift; sourceTree = "<group>"; };
		F21F9986274988B2008D892D /* PerguntaAudioTresController.swift */ = {isa = PBXFileReference; lastKnownFileType = sourcecode.swift; path = PerguntaAudioTresController.swift; sourceTree = "<group>"; };
		F21F9989274988BE008D892D /* PerguntaAudioQuatroViewController.swift */ = {isa = PBXFileReference; lastKnownFileType = sourcecode.swift; path = PerguntaAudioQuatroViewController.swift; sourceTree = "<group>"; };
		F21F998C274988DF008D892D /* PerguntaDoisViewController.swift */ = {isa = PBXFileReference; lastKnownFileType = sourcecode.swift; path = PerguntaDoisViewController.swift; sourceTree = "<group>"; };
		F21F9990274988E9008D892D /* PerguntaTresViewController.swift */ = {isa = PBXFileReference; lastKnownFileType = sourcecode.swift; path = PerguntaTresViewController.swift; sourceTree = "<group>"; };
		F21F9993274988F5008D892D /* PerguntaQuatroViewController.swift */ = {isa = PBXFileReference; lastKnownFileType = sourcecode.swift; path = PerguntaQuatroViewController.swift; sourceTree = "<group>"; };
		F21F999627498901008D892D /* PerguntaCincoViewController.swift */ = {isa = PBXFileReference; lastKnownFileType = sourcecode.swift; path = PerguntaCincoViewController.swift; sourceTree = "<group>"; };
		F21F99992749890C008D892D /* PerguntaSeisViewController.swift */ = {isa = PBXFileReference; lastKnownFileType = sourcecode.swift; path = PerguntaSeisViewController.swift; sourceTree = "<group>"; };
		F21F999C27498919008D892D /* PerguntaSeteViewController.swift */ = {isa = PBXFileReference; lastKnownFileType = sourcecode.swift; path = PerguntaSeteViewController.swift; sourceTree = "<group>"; };
		F21F99A4274997A2008D892D /* ProfessorModel.swift */ = {isa = PBXFileReference; lastKnownFileType = sourcecode.swift; path = ProfessorModel.swift; sourceTree = "<group>"; };
		F21F99AA2749A3CD008D892D /* CriarSalaViewController.swift */ = {isa = PBXFileReference; lastKnownFileType = sourcecode.swift; path = CriarSalaViewController.swift; sourceTree = "<group>"; };
		F21F99AD2749ADBB008D892D /* BackendData.swift */ = {isa = PBXFileReference; lastKnownFileType = sourcecode.swift; path = BackendData.swift; sourceTree = "<group>"; };
		F251793B2728C883009DD4FB /* ObjetoDeAprendizagem.app */ = {isa = PBXFileReference; explicitFileType = wrapper.application; includeInIndex = 0; path = ObjetoDeAprendizagem.app; sourceTree = BUILT_PRODUCTS_DIR; };
		F251793E2728C883009DD4FB /* AppDelegate.swift */ = {isa = PBXFileReference; lastKnownFileType = sourcecode.swift; path = AppDelegate.swift; sourceTree = "<group>"; };
		F25179402728C883009DD4FB /* SceneDelegate.swift */ = {isa = PBXFileReference; lastKnownFileType = sourcecode.swift; path = SceneDelegate.swift; sourceTree = "<group>"; };
		F25179422728C883009DD4FB /* OnboardingViewController.swift */ = {isa = PBXFileReference; lastKnownFileType = sourcecode.swift; path = OnboardingViewController.swift; sourceTree = "<group>"; };
		F25179452728C883009DD4FB /* Base */ = {isa = PBXFileReference; lastKnownFileType = file.storyboard; name = Base; path = Base.lproj/Main.storyboard; sourceTree = "<group>"; };
		F25179472728C88D009DD4FB /* Assets.xcassets */ = {isa = PBXFileReference; lastKnownFileType = folder.assetcatalog; path = Assets.xcassets; sourceTree = "<group>"; };
		F251794A2728C88D009DD4FB /* Base */ = {isa = PBXFileReference; lastKnownFileType = file.storyboard; name = Base; path = Base.lproj/LaunchScreen.storyboard; sourceTree = "<group>"; };
		F251794C2728C88D009DD4FB /* Info.plist */ = {isa = PBXFileReference; lastKnownFileType = text.plist.xml; path = Info.plist; sourceTree = "<group>"; };
/* End PBXFileReference section */

/* Begin PBXFrameworksBuildPhase section */
		F25179382728C883009DD4FB /* Frameworks */ = {
			isa = PBXFrameworksBuildPhase;
			buildActionMask = 2147483647;
			files = (
			);
			runOnlyForDeploymentPostprocessing = 0;
		};
/* End PBXFrameworksBuildPhase section */

/* Begin PBXGroup section */
		F21F997227471BE8008D892D /* Model */ = {
			isa = PBXGroup;
			children = (
				F21F99AD2749ADBB008D892D /* BackendData.swift */,
				F21F997927471CD3008D892D /* EstudanteModel.swift */,
				F21F99A4274997A2008D892D /* ProfessorModel.swift */,
				F21F997527471C41008D892D /* TurmaModel.swift */,
			);
			path = Model;
			sourceTree = "<group>";
		};
		F21F997327471BFF008D892D /* View */ = {
			isa = PBXGroup;
			children = (
				F25179442728C883009DD4FB /* Main.storyboard */,
			);
			path = View;
			sourceTree = "<group>";
		};
		F21F997427471C09008D892D /* Controller */ = {
			isa = PBXGroup;
			children = (
				F25179422728C883009DD4FB /* OnboardingViewController.swift */,
				F21F996E27460D11008D892D /* LoginViewController.swift */,
				F21F99AA2749A3CD008D892D /* CriarSalaViewController.swift */,
				F21F997F2748AC8C008D892D /* PerguntaAudioUmViewController.swift */,
				F21F9983274988A4008D892D /* PerguntaAudioDoisViewController.swift */,
				F21F9986274988B2008D892D /* PerguntaAudioTresController.swift */,
				F21F9989274988BE008D892D /* PerguntaAudioQuatroViewController.swift */,
				F21F997C274859E8008D892D /* PerguntaUmViewController.swift */,
				F21F998C274988DF008D892D /* PerguntaDoisViewController.swift */,
				F21F9990274988E9008D892D /* PerguntaTresViewController.swift */,
				F21F9993274988F5008D892D /* PerguntaQuatroViewController.swift */,
				F21F999627498901008D892D /* PerguntaCincoViewController.swift */,
				F21F99992749890C008D892D /* PerguntaSeisViewController.swift */,
				F21F999C27498919008D892D /* PerguntaSeteViewController.swift */,
			);
			path = Controller;
			sourceTree = "<group>";
		};
		F25179322728C883009DD4FB = {
			isa = PBXGroup;
			children = (
				F251793D2728C883009DD4FB /* ObjetoDeAprendizagem */,
				F251793C2728C883009DD4FB /* Products */,
			);
			sourceTree = "<group>";
		};
		F251793C2728C883009DD4FB /* Products */ = {
			isa = PBXGroup;
			children = (
				F251793B2728C883009DD4FB /* ObjetoDeAprendizagem.app */,
			);
			name = Products;
			sourceTree = "<group>";
		};
		F251793D2728C883009DD4FB /* ObjetoDeAprendizagem */ = {
			isa = PBXGroup;
			children = (
				F21F997427471C09008D892D /* Controller */,
				F21F997327471BFF008D892D /* View */,
				F21F997227471BE8008D892D /* Model */,
				F251793E2728C883009DD4FB /* AppDelegate.swift */,
				F25179402728C883009DD4FB /* SceneDelegate.swift */,
				F25179472728C88D009DD4FB /* Assets.xcassets */,
				F25179492728C88D009DD4FB /* LaunchScreen.storyboard */,
				F251794C2728C88D009DD4FB /* Info.plist */,
			);
			path = ObjetoDeAprendizagem;
			sourceTree = "<group>";
		};
/* End PBXGroup section */

/* Begin PBXNativeTarget section */
		F251793A2728C883009DD4FB /* ObjetoDeAprendizagem */ = {
			isa = PBXNativeTarget;
			buildConfigurationList = F251794F2728C88D009DD4FB /* Build configuration list for PBXNativeTarget "ObjetoDeAprendizagem" */;
			buildPhases = (
				F25179372728C883009DD4FB /* Sources */,
				F25179382728C883009DD4FB /* Frameworks */,
				F25179392728C883009DD4FB /* Resources */,
			);
			buildRules = (
			);
			dependencies = (
			);
			name = ObjetoDeAprendizagem;
			productName = ObjetoDeAprendizagem;
			productReference = F251793B2728C883009DD4FB /* ObjetoDeAprendizagem.app */;
			productType = "com.apple.product-type.application";
		};
/* End PBXNativeTarget section */

/* Begin PBXProject section */
		F25179332728C883009DD4FB /* Project object */ = {
			isa = PBXProject;
			attributes = {
				LastSwiftUpdateCheck = 1240;
				LastUpgradeCheck = 1240;
				TargetAttributes = {
					F251793A2728C883009DD4FB = {
						CreatedOnToolsVersion = 12.4;
					};
				};
			};
			buildConfigurationList = F25179362728C883009DD4FB /* Build configuration list for PBXProject "ObjetoDeAprendizagem" */;
			compatibilityVersion = "Xcode 9.3";
			developmentRegion = en;
			hasScannedForEncodings = 0;
			knownRegions = (
				en,
				Base,
			);
			mainGroup = F25179322728C883009DD4FB;
			productRefGroup = F251793C2728C883009DD4FB /* Products */;
			projectDirPath = "";
			projectRoot = "";
			targets = (
				F251793A2728C883009DD4FB /* ObjetoDeAprendizagem */,
			);
		};
/* End PBXProject section */

/* Begin PBXResourcesBuildPhase section */
		F25179392728C883009DD4FB /* Resources */ = {
			isa = PBXResourcesBuildPhase;
			buildActionMask = 2147483647;
			files = (
				F251794B2728C88D009DD4FB /* LaunchScreen.storyboard in Resources */,
				F25179482728C88D009DD4FB /* Assets.xcassets in Resources */,
				F25179462728C883009DD4FB /* Main.storyboard in Resources */,
			);
			runOnlyForDeploymentPostprocessing = 0;
		};
/* End PBXResourcesBuildPhase section */

/* Begin PBXSourcesBuildPhase section */
		F25179372728C883009DD4FB /* Sources */ = {
			isa = PBXSourcesBuildPhase;
			buildActionMask = 2147483647;
			files = (
				F21F999D27498919008D892D /* PerguntaSeteViewController.swift in Sources */,
				F21F9987274988B2008D892D /* PerguntaAudioTresController.swift in Sources */,
				F21F99AE2749ADBB008D892D /* BackendData.swift in Sources */,
				F21F997D274859E8008D892D /* PerguntaUmViewController.swift in Sources */,
				F21F998D274988DF008D892D /* PerguntaDoisViewController.swift in Sources */,
				F21F996F27460D11008D892D /* LoginViewController.swift in Sources */,
				F21F997A27471CD3008D892D /* EstudanteModel.swift in Sources */,
				F21F998A274988BE008D892D /* PerguntaAudioQuatroViewController.swift in Sources */,
				F25179432728C883009DD4FB /* OnboardingViewController.swift in Sources */,
				F251793F2728C883009DD4FB /* AppDelegate.swift in Sources */,
				F21F999A2749890C008D892D /* PerguntaSeisViewController.swift in Sources */,
				F21F999727498901008D892D /* PerguntaCincoViewController.swift in Sources */,
				F21F9994274988F5008D892D /* PerguntaQuatroViewController.swift in Sources */,
				F21F99A5274997A2008D892D /* ProfessorModel.swift in Sources */,
				F21F9984274988A4008D892D /* PerguntaAudioDoisViewController.swift in Sources */,
				F25179412728C883009DD4FB /* SceneDelegate.swift in Sources */,
				F21F997627471C41008D892D /* TurmaModel.swift in Sources */,
				F21F9991274988E9008D892D /* PerguntaTresViewController.swift in Sources */,
				F21F99AB2749A3CD008D892D /* CriarSalaViewController.swift in Sources */,
				F21F99802748AC8C008D892D /* PerguntaAudioUmViewController.swift in Sources */,
			);
			runOnlyForDeploymentPostprocessing = 0;
		};
/* End PBXSourcesBuildPhase section */

/* Begin PBXVariantGroup section */
		F25179442728C883009DD4FB /* Main.storyboard */ = {
			isa = PBXVariantGroup;
			children = (
				F25179452728C883009DD4FB /* Base */,
			);
			name = Main.storyboard;
			sourceTree = "<group>";
		};
		F25179492728C88D009DD4FB /* LaunchScreen.storyboard */ = {
			isa = PBXVariantGroup;
			children = (
				F251794A2728C88D009DD4FB /* Base */,
			);
			name = LaunchScreen.storyboard;
			sourceTree = "<group>";
		};
/* End PBXVariantGroup section */

/* Begin XCBuildConfiguration section */
		F251794D2728C88D009DD4FB /* Debug */ = {
			isa = XCBuildConfiguration;
			buildSettings = {
				ALWAYS_SEARCH_USER_PATHS = NO;
				CLANG_ANALYZER_NONNULL = YES;
				CLANG_ANALYZER_NUMBER_OBJECT_CONVERSION = YES_AGGRESSIVE;
				CLANG_CXX_LANGUAGE_STANDARD = "gnu++14";
				CLANG_CXX_LIBRARY = "libc++";
				CLANG_ENABLE_MODULES = YES;
				CLANG_ENABLE_OBJC_ARC = YES;
				CLANG_ENABLE_OBJC_WEAK = YES;
				CLANG_WARN_BLOCK_CAPTURE_AUTORELEASING = YES;
				CLANG_WARN_BOOL_CONVERSION = YES;
				CLANG_WARN_COMMA = YES;
				CLANG_WARN_CONSTANT_CONVERSION = YES;
				CLANG_WARN_DEPRECATED_OBJC_IMPLEMENTATIONS = YES;
				CLANG_WARN_DIRECT_OBJC_ISA_USAGE = YES_ERROR;
				CLANG_WARN_DOCUMENTATION_COMMENTS = YES;
				CLANG_WARN_EMPTY_BODY = YES;
				CLANG_WARN_ENUM_CONVERSION = YES;
				CLANG_WARN_INFINITE_RECURSION = YES;
				CLANG_WARN_INT_CONVERSION = YES;
				CLANG_WARN_NON_LITERAL_NULL_CONVERSION = YES;
				CLANG_WARN_OBJC_IMPLICIT_RETAIN_SELF = YES;
				CLANG_WARN_OBJC_LITERAL_CONVERSION = YES;
				CLANG_WARN_OBJC_ROOT_CLASS = YES_ERROR;
				CLANG_WARN_QUOTED_INCLUDE_IN_FRAMEWORK_HEADER = YES;
				CLANG_WARN_RANGE_LOOP_ANALYSIS = YES;
				CLANG_WARN_STRICT_PROTOTYPES = YES;
				CLANG_WARN_SUSPICIOUS_MOVE = YES;
				CLANG_WARN_UNGUARDED_AVAILABILITY = YES_AGGRESSIVE;
				CLANG_WARN_UNREACHABLE_CODE = YES;
				CLANG_WARN__DUPLICATE_METHOD_MATCH = YES;
				COPY_PHASE_STRIP = NO;
				DEBUG_INFORMATION_FORMAT = dwarf;
				ENABLE_STRICT_OBJC_MSGSEND = YES;
				ENABLE_TESTABILITY = YES;
				GCC_C_LANGUAGE_STANDARD = gnu11;
				GCC_DYNAMIC_NO_PIC = NO;
				GCC_NO_COMMON_BLOCKS = YES;
				GCC_OPTIMIZATION_LEVEL = 0;
				GCC_PREPROCESSOR_DEFINITIONS = (
					"DEBUG=1",
					"$(inherited)",
				);
				GCC_WARN_64_TO_32_BIT_CONVERSION = YES;
				GCC_WARN_ABOUT_RETURN_TYPE = YES_ERROR;
				GCC_WARN_UNDECLARED_SELECTOR = YES;
				GCC_WARN_UNINITIALIZED_AUTOS = YES_AGGRESSIVE;
				GCC_WARN_UNUSED_FUNCTION = YES;
				GCC_WARN_UNUSED_VARIABLE = YES;
				IPHONEOS_DEPLOYMENT_TARGET = 14.4;
				MTL_ENABLE_DEBUG_INFO = INCLUDE_SOURCE;
				MTL_FAST_MATH = YES;
				ONLY_ACTIVE_ARCH = YES;
				SDKROOT = iphoneos;
				SWIFT_ACTIVE_COMPILATION_CONDITIONS = DEBUG;
				SWIFT_OPTIMIZATION_LEVEL = "-Onone";
			};
			name = Debug;
		};
		F251794E2728C88D009DD4FB /* Release */ = {
			isa = XCBuildConfiguration;
			buildSettings = {
				ALWAYS_SEARCH_USER_PATHS = NO;
				CLANG_ANALYZER_NONNULL = YES;
				CLANG_ANALYZER_NUMBER_OBJECT_CONVERSION = YES_AGGRESSIVE;
				CLANG_CXX_LANGUAGE_STANDARD = "gnu++14";
				CLANG_CXX_LIBRARY = "libc++";
				CLANG_ENABLE_MODULES = YES;
				CLANG_ENABLE_OBJC_ARC = YES;
				CLANG_ENABLE_OBJC_WEAK = YES;
				CLANG_WARN_BLOCK_CAPTURE_AUTORELEASING = YES;
				CLANG_WARN_BOOL_CONVERSION = YES;
				CLANG_WARN_COMMA = YES;
				CLANG_WARN_CONSTANT_CONVERSION = YES;
				CLANG_WARN_DEPRECATED_OBJC_IMPLEMENTATIONS = YES;
				CLANG_WARN_DIRECT_OBJC_ISA_USAGE = YES_ERROR;
				CLANG_WARN_DOCUMENTATION_COMMENTS = YES;
				CLANG_WARN_EMPTY_BODY = YES;
				CLANG_WARN_ENUM_CONVERSION = YES;
				CLANG_WARN_INFINITE_RECURSION = YES;
				CLANG_WARN_INT_CONVERSION = YES;
				CLANG_WARN_NON_LITERAL_NULL_CONVERSION = YES;
				CLANG_WARN_OBJC_IMPLICIT_RETAIN_SELF = YES;
				CLANG_WARN_OBJC_LITERAL_CONVERSION = YES;
				CLANG_WARN_OBJC_ROOT_CLASS = YES_ERROR;
				CLANG_WARN_QUOTED_INCLUDE_IN_FRAMEWORK_HEADER = YES;
				CLANG_WARN_RANGE_LOOP_ANALYSIS = YES;
				CLANG_WARN_STRICT_PROTOTYPES = YES;
				CLANG_WARN_SUSPICIOUS_MOVE = YES;
				CLANG_WARN_UNGUARDED_AVAILABILITY = YES_AGGRESSIVE;
				CLANG_WARN_UNREACHABLE_CODE = YES;
				CLANG_WARN__DUPLICATE_METHOD_MATCH = YES;
				COPY_PHASE_STRIP = NO;
				DEBUG_INFORMATION_FORMAT = "dwarf-with-dsym";
				ENABLE_NS_ASSERTIONS = NO;
				ENABLE_STRICT_OBJC_MSGSEND = YES;
				GCC_C_LANGUAGE_STANDARD = gnu11;
				GCC_NO_COMMON_BLOCKS = YES;
				GCC_WARN_64_TO_32_BIT_CONVERSION = YES;
				GCC_WARN_ABOUT_RETURN_TYPE = YES_ERROR;
				GCC_WARN_UNDECLARED_SELECTOR = YES;
				GCC_WARN_UNINITIALIZED_AUTOS = YES_AGGRESSIVE;
				GCC_WARN_UNUSED_FUNCTION = YES;
				GCC_WARN_UNUSED_VARIABLE = YES;
				IPHONEOS_DEPLOYMENT_TARGET = 14.4;
				MTL_ENABLE_DEBUG_INFO = NO;
				MTL_FAST_MATH = YES;
				SDKROOT = iphoneos;
				SWIFT_COMPILATION_MODE = wholemodule;
				SWIFT_OPTIMIZATION_LEVEL = "-O";
				VALIDATE_PRODUCT = YES;
			};
			name = Release;
		};
		F25179502728C88D009DD4FB /* Debug */ = {
			isa = XCBuildConfiguration;
			buildSettings = {
				ASSETCATALOG_COMPILER_APPICON_NAME = AppIcon;
				ASSETCATALOG_COMPILER_GLOBAL_ACCENT_COLOR_NAME = AccentColor;
				CODE_SIGN_STYLE = Automatic;
				DEVELOPMENT_TEAM = 5LGVPHY8YW;
				INFOPLIST_FILE = ObjetoDeAprendizagem/Info.plist;
				LD_RUNPATH_SEARCH_PATHS = (
					"$(inherited)",
					"@executable_path/Frameworks",
				);
				PRODUCT_BUNDLE_IDENTIFIER = lucasiankowski.ObjetoDeAprendizagem;
				PRODUCT_NAME = "$(TARGET_NAME)";
				SWIFT_VERSION = 5.0;
				TARGETED_DEVICE_FAMILY = "1,2";
			};
			name = Debug;
		};
		F25179512728C88D009DD4FB /* Release */ = {
			isa = XCBuildConfiguration;
			buildSettings = {
				ASSETCATALOG_COMPILER_APPICON_NAME = AppIcon;
				ASSETCATALOG_COMPILER_GLOBAL_ACCENT_COLOR_NAME = AccentColor;
				CODE_SIGN_STYLE = Automatic;
				DEVELOPMENT_TEAM = 5LGVPHY8YW;
				INFOPLIST_FILE = ObjetoDeAprendizagem/Info.plist;
				LD_RUNPATH_SEARCH_PATHS = (
					"$(inherited)",
					"@executable_path/Frameworks",
				);
				PRODUCT_BUNDLE_IDENTIFIER = lucasiankowski.ObjetoDeAprendizagem;
				PRODUCT_NAME = "$(TARGET_NAME)";
				SWIFT_VERSION = 5.0;
				TARGETED_DEVICE_FAMILY = "1,2";
			};
			name = Release;
		};
/* End XCBuildConfiguration section */

/* Begin XCConfigurationList section */
		F25179362728C883009DD4FB /* Build configuration list for PBXProject "ObjetoDeAprendizagem" */ = {
			isa = XCConfigurationList;
			buildConfigurations = (
				F251794D2728C88D009DD4FB /* Debug */,
				F251794E2728C88D009DD4FB /* Release */,
			);
			defaultConfigurationIsVisible = 0;
			defaultConfigurationName = Release;
		};
		F251794F2728C88D009DD4FB /* Build configuration list for PBXNativeTarget "ObjetoDeAprendizagem" */ = {
			isa = XCConfigurationList;
			buildConfigurations = (
				F25179502728C88D009DD4FB /* Debug */,
				F25179512728C88D009DD4FB /* Release */,
			);
			defaultConfigurationIsVisible = 0;
			defaultConfigurationName = Release;
		};
/* End XCConfigurationList section */
	};
	rootObject = F25179332728C883009DD4FB /* Project object */;
}
